
Microsoft Visual Studio Solution File, Format Version 12.00
# Visual Studio Version 16
VisualStudioVersion = 16.0.28902.138
MinimumVisualStudioVersion = 15.0.26124.0
Project("{9A19103F-16F7-4668-BE54-9A1E7A4F7556}") = "hello-controller", "hello-controller\hello-controller.csproj", "{2576049B-AEEA-4BDD-AA66-BC81DB41EBCD}"
EndProject
Project("{9A19103F-16F7-4668-BE54-9A1E7A4F7556}") = "hello-grpc", "hello-grpc\hello-grpc.csproj", "{ACA08001-50A0-4B29-AE3F-17482C94E846}"
EndProject
Project("{9A19103F-16F7-4668-BE54-9A1E7A4F7556}") = "hello-shared", "hello-shared\hello-shared.csproj", "{DD280800-1F66-4DDA-8BC4-59589B36448D}"
EndProject
Project("{E53339B2-1760-4266-BCC7-CA923CBCF16C}") = "docker-compose", "docker-compose.dcproj", "{A81D6A9D-67B3-4862-AC8A-A0BD250CEC81}"
EndProject
Global
	GlobalSection(SolutionConfigurationPlatforms) = preSolution
		Debug|Any CPU = Debug|Any CPU
		Debug|x64 = Debug|x64
		Debug|x86 = Debug|x86
		Release|Any CPU = Release|Any CPU
		Release|x64 = Release|x64
		Release|x86 = Release|x86
	EndGlobalSection
	GlobalSection(ProjectConfigurationPlatforms) = postSolution
		{2576049B-AEEA-4BDD-AA66-BC81DB41EBCD}.Debug|Any CPU.ActiveCfg = Debug|Any CPU
		{2576049B-AEEA-4BDD-AA66-BC81DB41EBCD}.Debug|Any CPU.Build.0 = Debug|Any CPU
		{2576049B-AEEA-4BDD-AA66-BC81DB41EBCD}.Debug|x64.ActiveCfg = Debug|Any CPU
		{2576049B-AEEA-4BDD-AA66-BC81DB41EBCD}.Debug|x64.Build.0 = Debug|Any CPU
		{2576049B-AEEA-4BDD-AA66-BC81DB41EBCD}.Debug|x86.ActiveCfg = Debug|Any CPU
		{2576049B-AEEA-4BDD-AA66-BC81DB41EBCD}.Debug|x86.Build.0 = Debug|Any CPU
		{2576049B-AEEA-4BDD-AA66-BC81DB41EBCD}.Release|Any CPU.ActiveCfg = Release|Any CPU
		{2576049B-AEEA-4BDD-AA66-BC81DB41EBCD}.Release|Any CPU.Build.0 = Release|Any CPU
		{2576049B-AEEA-4BDD-AA66-BC81DB41EBCD}.Release|x64.ActiveCfg = Release|Any CPU
		{2576049B-AEEA-4BDD-AA66-BC81DB41EBCD}.Release|x64.Build.0 = Release|Any CPU
		{2576049B-AEEA-4BDD-AA66-BC81DB41EBCD}.Release|x86.ActiveCfg = Release|Any CPU
		{2576049B-AEEA-4BDD-AA66-BC81DB41EBCD}.Release|x86.Build.0 = Release|Any CPU
		{ACA08001-50A0-4B29-AE3F-17482C94E846}.Debug|Any CPU.ActiveCfg = Debug|Any CPU
		{ACA08001-50A0-4B29-AE3F-17482C94E846}.Debug|Any CPU.Build.0 = Debug|Any CPU
		{ACA08001-50A0-4B29-AE3F-17482C94E846}.Debug|x64.ActiveCfg = Debug|Any CPU
		{ACA08001-50A0-4B29-AE3F-17482C94E846}.Debug|x64.Build.0 = Debug|Any CPU
		{ACA08001-50A0-4B29-AE3F-17482C94E846}.Debug|x86.ActiveCfg = Debug|Any CPU
		{ACA08001-50A0-4B29-AE3F-17482C94E846}.Debug|x86.Build.0 = Debug|Any CPU
		{ACA08001-50A0-4B29-AE3F-17482C94E846}.Release|Any CPU.ActiveCfg = Release|Any CPU
		{ACA08001-50A0-4B29-AE3F-17482C94E846}.Release|Any CPU.Build.0 = Release|Any CPU
		{ACA08001-50A0-4B29-AE3F-17482C94E846}.Release|x64.ActiveCfg = Release|Any CPU
		{ACA08001-50A0-4B29-AE3F-17482C94E846}.Release|x64.Build.0 = Release|Any CPU
		{ACA08001-50A0-4B29-AE3F-17482C94E846}.Release|x86.ActiveCfg = Release|Any CPU
		{ACA08001-50A0-4B29-AE3F-17482C94E846}.Release|x86.Build.0 = Release|Any CPU
		{DD280800-1F66-4DDA-8BC4-59589B36448D}.Debug|Any CPU.ActiveCfg = Debug|Any CPU
		{DD280800-1F66-4DDA-8BC4-59589B36448D}.Debug|Any CPU.Build.0 = Debug|Any CPU
		{DD280800-1F66-4DDA-8BC4-59589B36448D}.Debug|x64.ActiveCfg = Debug|Any CPU
		{DD280800-1F66-4DDA-8BC4-59589B36448D}.Debug|x64.Build.0 = Debug|Any CPU
		{DD280800-1F66-4DDA-8BC4-59589B36448D}.Debug|x86.ActiveCfg = Debug|Any CPU
		{DD280800-1F66-4DDA-8BC4-59589B36448D}.Debug|x86.Build.0 = Debug|Any CPU
		{DD280800-1F66-4DDA-8BC4-59589B36448D}.Release|Any CPU.ActiveCfg = Release|Any CPU
		{DD280800-1F66-4DDA-8BC4-59589B36448D}.Release|Any CPU.Build.0 = Release|Any CPU
		{DD280800-1F66-4DDA-8BC4-59589B36448D}.Release|x64.ActiveCfg = Release|Any CPU
		{DD280800-1F66-4DDA-8BC4-59589B36448D}.Release|x64.Build.0 = Release|Any CPU
		{DD280800-1F66-4DDA-8BC4-59589B36448D}.Release|x86.ActiveCfg = Release|Any CPU
		{DD280800-1F66-4DDA-8BC4-59589B36448D}.Release|x86.Build.0 = Release|Any CPU
		{A81D6A9D-67B3-4862-AC8A-A0BD250CEC81}.Debug|Any CPU.ActiveCfg = Debug|Any CPU
		{A81D6A9D-67B3-4862-AC8A-A0BD250CEC81}.Debug|Any CPU.Build.0 = Debug|Any CPU
		{A81D6A9D-67B3-4862-AC8A-A0BD250CEC81}.Debug|x64.ActiveCfg = Debug|Any CPU
		{A81D6A9D-67B3-4862-AC8A-A0BD250CEC81}.Debug|x64.Build.0 = Debug|Any CPU
		{A81D6A9D-67B3-4862-AC8A-A0BD250CEC81}.Debug|x86.ActiveCfg = Debug|Any CPU
		{A81D6A9D-67B3-4862-AC8A-A0BD250CEC81}.Debug|x86.Build.0 = Debug|Any CPU
		{A81D6A9D-67B3-4862-AC8A-A0BD250CEC81}.Release|Any CPU.ActiveCfg = Release|Any CPU
		{A81D6A9D-67B3-4862-AC8A-A0BD250CEC81}.Release|Any CPU.Build.0 = Release|Any CPU
		{A81D6A9D-67B3-4862-AC8A-A0BD250CEC81}.Release|x64.ActiveCfg = Release|Any CPU
		{A81D6A9D-67B3-4862-AC8A-A0BD250CEC81}.Release|x64.Build.0 = Release|Any CPU
		{A81D6A9D-67B3-4862-AC8A-A0BD250CEC81}.Release|x86.ActiveCfg = Release|Any CPU
		{A81D6A9D-67B3-4862-AC8A-A0BD250CEC81}.Release|x86.Build.0 = Release|Any CPU
	EndGlobalSection
	GlobalSection(SolutionProperties) = preSolution
		HideSolutionNode = FALSE
	EndGlobalSection
	GlobalSection(ExtensibilityGlobals) = postSolution
		SolutionGuid = {0E484902-BA96-40BA-A779-80434DC41368}
	EndGlobalSection
EndGlobal
